
Microsoft Visual Studio Solution File, Format Version 12.00
# Visual Studio 15
VisualStudioVersion = 15.0.28010.2046
MinimumVisualStudioVersion = 10.0.40219.1
Project("{FAE04EC0-301F-11D3-BF4B-00C04F79EFBC}") = "NationalParkCLI", "NationalParkCLI\NationalParkCLI.csproj", "{671B4EC3-53F3-4F73-B2D3-F283C7A3ACA6}"
EndProject
Project("{FAE04EC0-301F-11D3-BF4B-00C04F79EFBC}") = "NationalPark", "NationalPark\NationalPark.csproj", "{1CBD1D27-50C1-45BF-8D88-48CE86E0FC89}"
EndProject
Project("{FAE04EC0-301F-11D3-BF4B-00C04F79EFBC}") = "NationalPark.IntegrationTests", "UnitTestProject1\NationalPark.IntegrationTests.csproj", "{FA549A21-CDC3-4B1C-B3AF-FE7E12570295}"
EndProject
Global
	GlobalSection(SolutionConfigurationPlatforms) = preSolution
		Debug|Any CPU = Debug|Any CPU
		Release|Any CPU = Release|Any CPU
	EndGlobalSection
	GlobalSection(ProjectConfigurationPlatforms) = postSolution
		{671B4EC3-53F3-4F73-B2D3-F283C7A3ACA6}.Debug|Any CPU.ActiveCfg = Debug|Any CPU
		{671B4EC3-53F3-4F73-B2D3-F283C7A3ACA6}.Debug|Any CPU.Build.0 = Debug|Any CPU
		{671B4EC3-53F3-4F73-B2D3-F283C7A3ACA6}.Release|Any CPU.ActiveCfg = Release|Any CPU
		{671B4EC3-53F3-4F73-B2D3-F283C7A3ACA6}.Release|Any CPU.Build.0 = Release|Any CPU
		{1CBD1D27-50C1-45BF-8D88-48CE86E0FC89}.Debug|Any CPU.ActiveCfg = Debug|Any CPU
		{1CBD1D27-50C1-45BF-8D88-48CE86E0FC89}.Debug|Any CPU.Build.0 = Debug|Any CPU
		{1CBD1D27-50C1-45BF-8D88-48CE86E0FC89}.Release|Any CPU.ActiveCfg = Release|Any CPU
		{1CBD1D27-50C1-45BF-8D88-48CE86E0FC89}.Release|Any CPU.Build.0 = Release|Any CPU
		{FA549A21-CDC3-4B1C-B3AF-FE7E12570295}.Debug|Any CPU.ActiveCfg = Debug|Any CPU
		{FA549A21-CDC3-4B1C-B3AF-FE7E12570295}.Debug|Any CPU.Build.0 = Debug|Any CPU
		{FA549A21-CDC3-4B1C-B3AF-FE7E12570295}.Release|Any CPU.ActiveCfg = Release|Any CPU
		{FA549A21-CDC3-4B1C-B3AF-FE7E12570295}.Release|Any CPU.Build.0 = Release|Any CPU
	EndGlobalSection
	GlobalSection(SolutionProperties) = preSolution
		HideSolutionNode = FALSE
	EndGlobalSection
	GlobalSection(ExtensibilityGlobals) = postSolution
		SolutionGuid = {CC91E65F-0429-4122-A62D-100014FDE978}
	EndGlobalSection
EndGlobal
